
Microsoft Visual Studio Solution File, Format Version 12.00
# Visual Studio Version 16
VisualStudioVersion = 16.0.32126.315
MinimumVisualStudioVersion = 10.0.40219.1
Project("{FAE04EC0-301F-11D3-BF4B-00C04F79EFBC}") = "WFA_SayilarinOkunusu", "WFA_SayilarinOkunusu\WFA_SayilarinOkunusu.csproj", "{C1F5F293-7039-4B77-9BE1-99AE3739D9E2}"
EndProject
Project("{FAE04EC0-301F-11D3-BF4B-00C04F79EFBC}") = "WFA_BoxingUnboxing", "..\WFA_BoxingUnboxing\WFA_BoxingUnboxing.csproj", "{26143542-2141-40F4-B39E-BD57287E91B9}"
EndProject
Global
	GlobalSection(SolutionConfigurationPlatforms) = preSolution
		Debug|Any CPU = Debug|Any CPU
		Release|Any CPU = Release|Any CPU
	EndGlobalSection
	GlobalSection(ProjectConfigurationPlatforms) = postSolution
		{C1F5F293-7039-4B77-9BE1-99AE3739D9E2}.Debug|Any CPU.ActiveCfg = Debug|Any CPU
		{C1F5F293-7039-4B77-9BE1-99AE3739D9E2}.Debug|Any CPU.Build.0 = Debug|Any CPU
		{C1F5F293-7039-4B77-9BE1-99AE3739D9E2}.Release|Any CPU.ActiveCfg = Release|Any CPU
		{C1F5F293-7039-4B77-9BE1-99AE3739D9E2}.Release|Any CPU.Build.0 = Release|Any CPU
		{26143542-2141-40F4-B39E-BD57287E91B9}.Debug|Any CPU.ActiveCfg = Debug|Any CPU
		{26143542-2141-40F4-B39E-BD57287E91B9}.Debug|Any CPU.Build.0 = Debug|Any CPU
		{26143542-2141-40F4-B39E-BD57287E91B9}.Release|Any CPU.ActiveCfg = Release|Any CPU
		{26143542-2141-40F4-B39E-BD57287E91B9}.Release|Any CPU.Build.0 = Release|Any CPU
	EndGlobalSection
	GlobalSection(SolutionProperties) = preSolution
		HideSolutionNode = FALSE
	EndGlobalSection
	GlobalSection(ExtensibilityGlobals) = postSolution
		SolutionGuid = {2C5B0DDD-8FD5-4E9F-9ADD-FF17083DAF4A}
	EndGlobalSection
EndGlobal
